{
  "name": "l8-codespace",
  "lockfileVersion": 3,
  "requires": true,
  "packages": {
    "": {
      "name": "l8-codespace",
      "dependencies": {
        "agent-browser": "^0.34.0",
        "ws": "^8.21.3"
      }
    },
    "node_modules/agent-browser": {
      "version": "0.34.0",
      "resolved": "https://registry.npmjs.org/agent-browser/-/agent-browser-0.34.0.tgz",
      "integrity": "sha512-eR6Ey4I/DMs9zZ60b3ziV6pgLIgpxXWzggr3dfFbtskLmeXPJAgXCIIwVL4PihVYJqEUpvWgUKlZ2CIjY1u44g==",
      "hasInstallScript": true,
      "license": "Apache-2.0",
      "bin": {
        "agent-browser": "bin/agent-browser.js"
      },
      "engines": {
        "node": ">=24.0.0",
        "pnpm": ">=11.0.0"
      }
    },
    "node_modules/ws": {
      "version": "8.21.3",
      "resolved": "https://registry.npmjs.org/ws/-/ws-8.21.3.tgz",
      "integrity": "sha512-201TZ/kPWxoPr/OKWjquZR1SWKXcvxdH+e1xrx89b3YbmzLMFCLfnaG1HFIgWzJOEWZ7MvpK++odZufgYR50Rw==",
      "license": "MIT",
      "engines": {
        "node": ">=10.0.0"
      },
      "peerDependencies": {
        "bufferutil": "^4.0.1",
        "utf-8-validate": ">=5.0.2"
      },
      "peerDependenciesMeta": {
        "bufferutil": {
          "optional": true
        },
        "utf-8-validate": {
          "optional": true
        }
      }
    }
  }
}
